// !$*UTF8*$!
{
	archiveVersion = 1;
	classes = {
	};
	objectVersion = 46;
	objects = {

/* Begin PBXBuildFile section */
		B63230C815EF9C3E00CE499C /* Phone.m in Sources */ = {isa = PBXBuildFile; fileRef = B63230C715EF9C3E00CE499C /* Phone.m */; };
		B668605915E75B7300F2C82B /* Cocoa.framework in Frameworks */ = {isa = PBXBuildFile; fileRef = B668605815E75B7300F2C82B /* Cocoa.framework */; };
		B668606315E75B7300F2C82B /* InfoPlist.strings in Resources */ = {isa = PBXBuildFile; fileRef = B668606115E75B7300F2C82B /* InfoPlist.strings */; };
		B668606515E75B7300F2C82B /* main.m in Sources */ = {isa = PBXBuildFile; fileRef = B668606415E75B7300F2C82B /* main.m */; };
		B668606915E75B7300F2C82B /* Credits.rtf in Resources */ = {isa = PBXBuildFile; fileRef = B668606715E75B7300F2C82B /* Credits.rtf */; };
		B668606C15E75B7300F2C82B /* Document.m in Sources */ = {isa = PBXBuildFile; fileRef = B668606B15E75B7300F2C82B /* Document.m */; };
		B668606F15E75B7300F2C82B /* Document.xib in Resources */ = {isa = PBXBuildFile; fileRef = B668606D15E75B7300F2C82B /* Document.xib */; };
		B668607215E75B7300F2C82B /* MainMenu.xib in Resources */ = {isa = PBXBuildFile; fileRef = B668607015E75B7300F2C82B /* MainMenu.xib */; };
		B668607A15E75B7300F2C82B /* SenTestingKit.framework in Frameworks */ = {isa = PBXBuildFile; fileRef = B668607915E75B7300F2C82B /* SenTestingKit.framework */; };
		B668607B15E75B7300F2C82B /* Cocoa.framework in Frameworks */ = {isa = PBXBuildFile; fileRef = B668605815E75B7300F2C82B /* Cocoa.framework */; };
		B668608315E75B7300F2C82B /* InfoPlist.strings in Resources */ = {isa = PBXBuildFile; fileRef = B668608115E75B7300F2C82B /* InfoPlist.strings */; };
		B668608615E75B7300F2C82B /* droidmacTests.m in Sources */ = {isa = PBXBuildFile; fileRef = B668608515E75B7300F2C82B /* droidmacTests.m */; };
		B668609015E75B9900F2C82B /* androidmac.icns in Resources */ = {isa = PBXBuildFile; fileRef = B668608F15E75B9900F2C82B /* androidmac.icns */; };
		B668609715E7695600F2C82B /* aapt in Resources */ = {isa = PBXBuildFile; fileRef = B668609515E7695600F2C82B /* aapt */; };
		B668609815E7695600F2C82B /* adb in Resources */ = {isa = PBXBuildFile; fileRef = B668609615E7695600F2C82B /* adb */; };
		B66860A015E773A800F2C82B /* AppDelegate.m in Sources */ = {isa = PBXBuildFile; fileRef = B668609F15E773A800F2C82B /* AppDelegate.m */; };
		B6A683C615EF53A100FB82C2 /* droidmac.apk in Resources */ = {isa = PBXBuildFile; fileRef = B6A683C515EF53A100FB82C2 /* droidmac.apk */; };
		B6A683E715EF70C400FB82C2 /* ASIDataCompressor.m in Sources */ = {isa = PBXBuildFile; fileRef = B6A683D515EF70C400FB82C2 /* ASIDataCompressor.m */; settings = {COMPILER_FLAGS = "-fno-objc-arc"; }; };
		B6A683E815EF70C400FB82C2 /* ASIDataCompressor.m in Sources */ = {isa = PBXBuildFile; fileRef = B6A683D515EF70C400FB82C2 /* ASIDataCompressor.m */; };
		B6A683E915EF70C400FB82C2 /* ASIDataDecompressor.m in Sources */ = {isa = PBXBuildFile; fileRef = B6A683D715EF70C400FB82C2 /* ASIDataDecompressor.m */; settings = {COMPILER_FLAGS = "-fno-objc-arc"; }; };
		B6A683EA15EF70C400FB82C2 /* ASIDataDecompressor.m in Sources */ = {isa = PBXBuildFile; fileRef = B6A683D715EF70C400FB82C2 /* ASIDataDecompressor.m */; };
		B6A683EB15EF70C400FB82C2 /* ASIDownloadCache.m in Sources */ = {isa = PBXBuildFile; fileRef = B6A683D915EF70C400FB82C2 /* ASIDownloadCache.m */; settings = {COMPILER_FLAGS = "-fno-objc-arc"; }; };
		B6A683EC15EF70C400FB82C2 /* ASIDownloadCache.m in Sources */ = {isa = PBXBuildFile; fileRef = B6A683D915EF70C400FB82C2 /* ASIDownloadCache.m */; };
		B6A683ED15EF70C400FB82C2 /* ASIFormDataRequest.m in Sources */ = {isa = PBXBuildFile; fileRef = B6A683DB15EF70C400FB82C2 /* ASIFormDataRequest.m */; settings = {COMPILER_FLAGS = "-fno-objc-arc"; }; };
		B6A683EE15EF70C400FB82C2 /* ASIFormDataRequest.m in Sources */ = {isa = PBXBuildFile; fileRef = B6A683DB15EF70C400FB82C2 /* ASIFormDataRequest.m */; };
		B6A683EF15EF70C400FB82C2 /* ASIHTTPRequest.m in Sources */ = {isa = PBXBuildFile; fileRef = B6A683DD15EF70C400FB82C2 /* ASIHTTPRequest.m */; settings = {COMPILER_FLAGS = "-fno-objc-arc"; }; };
		B6A683F015EF70C400FB82C2 /* ASIHTTPRequest.m in Sources */ = {isa = PBXBuildFile; fileRef = B6A683DD15EF70C400FB82C2 /* ASIHTTPRequest.m */; };
		B6A683F115EF70C400FB82C2 /* ASIInputStream.m in Sources */ = {isa = PBXBuildFile; fileRef = B6A683E115EF70C400FB82C2 /* ASIInputStream.m */; settings = {COMPILER_FLAGS = "-fno-objc-arc"; }; };
		B6A683F215EF70C400FB82C2 /* ASIInputStream.m in Sources */ = {isa = PBXBuildFile; fileRef = B6A683E115EF70C400FB82C2 /* ASIInputStream.m */; };
		B6A683F315EF70C400FB82C2 /* ASINetworkQueue.m in Sources */ = {isa = PBXBuildFile; fileRef = B6A683E315EF70C400FB82C2 /* ASINetworkQueue.m */; settings = {COMPILER_FLAGS = "-fno-objc-arc"; }; };
		B6A683F415EF70C400FB82C2 /* ASINetworkQueue.m in Sources */ = {isa = PBXBuildFile; fileRef = B6A683E315EF70C400FB82C2 /* ASINetworkQueue.m */; };
		B6A683FB15EF711500FB82C2 /* SystemConfiguration.framework in Frameworks */ = {isa = PBXBuildFile; fileRef = B6A683FA15EF711500FB82C2 /* SystemConfiguration.framework */; };
		B6A683FD15EF713300FB82C2 /* libz.dylib in Frameworks */ = {isa = PBXBuildFile; fileRef = B6A683FC15EF713300FB82C2 /* libz.dylib */; };
		B6A683FF15EF714600FB82C2 /* CoreServices.framework in Frameworks */ = {isa = PBXBuildFile; fileRef = B6A683FE15EF714600FB82C2 /* CoreServices.framework */; };
		B6A6840215EF753400FB82C2 /* JSONKit.m in Sources */ = {isa = PBXBuildFile; fileRef = B6A6840115EF753400FB82C2 /* JSONKit.m */; settings = {COMPILER_FLAGS = "-fno-objc-arc"; }; };
		B6A6840315EF753400FB82C2 /* JSONKit.m in Sources */ = {isa = PBXBuildFile; fileRef = B6A6840115EF753400FB82C2 /* JSONKit.m */; };
		B6AA5C6515EE598F003B9D75 /* WebKit.framework in Frameworks */ = {isa = PBXBuildFile; fileRef = B6AA5C6415EE598F003B9D75 /* WebKit.framework */; };
/* End PBXBuildFile section */

/* Begin PBXContainerItemProxy section */
		B668607C15E75B7300F2C82B /* PBXContainerItemProxy */ = {
			isa = PBXContainerItemProxy;
			containerPortal = B668604B15E75B7300F2C82B /* Project object */;
			proxyType = 1;
			remoteGlobalIDString = B668605315E75B7300F2C82B;
			remoteInfo = droidmac;
		};
/* End PBXContainerItemProxy section */

/* Begin PBXFileReference section */
		B63230C615EF9C3E00CE499C /* Phone.h */ = {isa = PBXFileReference; fileEncoding = 4; lastKnownFileType = sourcecode.c.h; path = Phone.h; sourceTree = "<group>"; };
		B63230C715EF9C3E00CE499C /* Phone.m */ = {isa = PBXFileReference; fileEncoding = 4; lastKnownFileType = sourcecode.c.objc; path = Phone.m; sourceTree = "<group>"; };
		B668605415E75B7300F2C82B /* droidmac.app */ = {isa = PBXFileReference; explicitFileType = wrapper.application; includeInIndex = 0; path = droidmac.app; sourceTree = BUILT_PRODUCTS_DIR; };
		B668605815E75B7300F2C82B /* Cocoa.framework */ = {isa = PBXFileReference; lastKnownFileType = wrapper.framework; name = Cocoa.framework; path = System/Library/Frameworks/Cocoa.framework; sourceTree = SDKROOT; };
		B668605B15E75B7300F2C82B /* AppKit.framework */ = {isa = PBXFileReference; lastKnownFileType = wrapper.framework; name = AppKit.framework; path = System/Library/Frameworks/AppKit.framework; sourceTree = SDKROOT; };
		B668605C15E75B7300F2C82B /* CoreData.framework */ = {isa = PBXFileReference; lastKnownFileType = wrapper.framework; name = CoreData.framework; path = System/Library/Frameworks/CoreData.framework; sourceTree = SDKROOT; };
		B668605D15E75B7300F2C82B /* Foundation.framework */ = {isa = PBXFileReference; lastKnownFileType = wrapper.framework; name = Foundation.framework; path = System/Library/Frameworks/Foundation.framework; sourceTree = SDKROOT; };
		B668606015E75B7300F2C82B /* droidmac-Info.plist */ = {isa = PBXFileReference; lastKnownFileType = text.plist.xml; path = "droidmac-Info.plist"; sourceTree = "<group>"; };
		B668606215E75B7300F2C82B /* en */ = {isa = PBXFileReference; lastKnownFileType = text.plist.strings; name = en; path = en.lproj/InfoPlist.strings; sourceTree = "<group>"; };
		B668606415E75B7300F2C82B /* main.m */ = {isa = PBXFileReference; lastKnownFileType = sourcecode.c.objc; path = main.m; sourceTree = "<group>"; };
		B668606615E75B7300F2C82B /* droidmac-Prefix.pch */ = {isa = PBXFileReference; lastKnownFileType = sourcecode.c.h; path = "droidmac-Prefix.pch"; sourceTree = "<group>"; };
		B668606815E75B7300F2C82B /* en */ = {isa = PBXFileReference; lastKnownFileType = text.rtf; name = en; path = en.lproj/Credits.rtf; sourceTree = "<group>"; };
		B668606A15E75B7300F2C82B /* Document.h */ = {isa = PBXFileReference; lastKnownFileType = sourcecode.c.h; path = Document.h; sourceTree = "<group>"; };
		B668606B15E75B7300F2C82B /* Document.m */ = {isa = PBXFileReference; lastKnownFileType = sourcecode.c.objc; path = Document.m; sourceTree = "<group>"; };
		B668606E15E75B7300F2C82B /* en */ = {isa = PBXFileReference; lastKnownFileType = file.xib; name = en; path = en.lproj/Document.xib; sourceTree = "<group>"; };
		B668607115E75B7300F2C82B /* en */ = {isa = PBXFileReference; lastKnownFileType = file.xib; name = en; path = en.lproj/MainMenu.xib; sourceTree = "<group>"; };
		B668607815E75B7300F2C82B /* droidmacTests.octest */ = {isa = PBXFileReference; explicitFileType = wrapper.cfbundle; includeInIndex = 0; path = droidmacTests.octest; sourceTree = BUILT_PRODUCTS_DIR; };
		B668607915E75B7300F2C82B /* SenTestingKit.framework */ = {isa = PBXFileReference; lastKnownFileType = wrapper.framework; name = SenTestingKit.framework; path = Library/Frameworks/SenTestingKit.framework; sourceTree = DEVELOPER_DIR; };
		B668608015E75B7300F2C82B /* droidmacTests-Info.plist */ = {isa = PBXFileReference; lastKnownFileType = text.plist.xml; path = "droidmacTests-Info.plist"; sourceTree = "<group>"; };
		B668608215E75B7300F2C82B /* en */ = {isa = PBXFileReference; lastKnownFileType = text.plist.strings; name = en; path = en.lproj/InfoPlist.strings; sourceTree = "<group>"; };
		B668608415E75B7300F2C82B /* droidmacTests.h */ = {isa = PBXFileReference; lastKnownFileType = sourcecode.c.h; path = droidmacTests.h; sourceTree = "<group>"; };
		B668608515E75B7300F2C82B /* droidmacTests.m */ = {isa = PBXFileReference; lastKnownFileType = sourcecode.c.objc; path = droidmacTests.m; sourceTree = "<group>"; };
		B668608F15E75B9900F2C82B /* androidmac.icns */ = {isa = PBXFileReference; lastKnownFileType = image.icns; path = androidmac.icns; sourceTree = "<group>"; };
		B668609515E7695600F2C82B /* aapt */ = {isa = PBXFileReference; lastKnownFileType = "compiled.mach-o.executable"; path = aapt; sourceTree = "<group>"; };
		B668609615E7695600F2C82B /* adb */ = {isa = PBXFileReference; lastKnownFileType = "compiled.mach-o.executable"; path = adb; sourceTree = "<group>"; };
		B668609E15E773A800F2C82B /* AppDelegate.h */ = {isa = PBXFileReference; fileEncoding = 4; lastKnownFileType = sourcecode.c.h; path = AppDelegate.h; sourceTree = "<group>"; };
		B668609F15E773A800F2C82B /* AppDelegate.m */ = {isa = PBXFileReference; fileEncoding = 4; lastKnownFileType = sourcecode.c.objc; path = AppDelegate.m; sourceTree = "<group>"; };
		B6A683C515EF53A100FB82C2 /* droidmac.apk */ = {isa = PBXFileReference; lastKnownFileType = file; path = droidmac.apk; sourceTree = "<group>"; };
		B6A683D315EF70C400FB82C2 /* ASICacheDelegate.h */ = {isa = PBXFileReference; fileEncoding = 4; lastKnownFileType = sourcecode.c.h; path = ASICacheDelegate.h; sourceTree = "<group>"; };
		B6A683D415EF70C400FB82C2 /* ASIDataCompressor.h */ = {isa = PBXFileReference; fileEncoding = 4; lastKnownFileType = sourcecode.c.h; path = ASIDataCompressor.h; sourceTree = "<group>"; };
		B6A683D515EF70C400FB82C2 /* ASIDataCompressor.m */ = {isa = PBXFileReference; fileEncoding = 4; lastKnownFileType = sourcecode.c.objc; path = ASIDataCompressor.m; sourceTree = "<group>"; };
		B6A683D615EF70C400FB82C2 /* ASIDataDecompressor.h */ = {isa = PBXFileReference; fileEncoding = 4; lastKnownFileType = sourcecode.c.h; path = ASIDataDecompressor.h; sourceTree = "<group>"; };
		B6A683D715EF70C400FB82C2 /* ASIDataDecompressor.m */ = {isa = PBXFileReference; fileEncoding = 4; lastKnownFileType = sourcecode.c.objc; path = ASIDataDecompressor.m; sourceTree = "<group>"; };
		B6A683D815EF70C400FB82C2 /* ASIDownloadCache.h */ = {isa = PBXFileReference; fileEncoding = 4; lastKnownFileType = sourcecode.c.h; path = ASIDownloadCache.h; sourceTree = "<group>"; };
		B6A683D915EF70C400FB82C2 /* ASIDownloadCache.m */ = {isa = PBXFileReference; fileEncoding = 4; lastKnownFileType = sourcecode.c.objc; path = ASIDownloadCache.m; sourceTree = "<group>"; };
		B6A683DA15EF70C400FB82C2 /* ASIFormDataRequest.h */ = {isa = PBXFileReference; fileEncoding = 4; lastKnownFileType = sourcecode.c.h; path = ASIFormDataRequest.h; sourceTree = "<group>"; };
		B6A683DB15EF70C400FB82C2 /* ASIFormDataRequest.m */ = {isa = PBXFileReference; fileEncoding = 4; lastKnownFileType = sourcecode.c.objc; path = ASIFormDataRequest.m; sourceTree = "<group>"; };
		B6A683DC15EF70C400FB82C2 /* ASIHTTPRequest.h */ = {isa = PBXFileReference; fileEncoding = 4; lastKnownFileType = sourcecode.c.h; path = ASIHTTPRequest.h; sourceTree = "<group>"; };
		B6A683DD15EF70C400FB82C2 /* ASIHTTPRequest.m */ = {isa = PBXFileReference; fileEncoding = 4; lastKnownFileType = sourcecode.c.objc; path = ASIHTTPRequest.m; sourceTree = "<group>"; };
		B6A683DE15EF70C400FB82C2 /* ASIHTTPRequestConfig.h */ = {isa = PBXFileReference; fileEncoding = 4; lastKnownFileType = sourcecode.c.h; path = ASIHTTPRequestConfig.h; sourceTree = "<group>"; };
		B6A683DF15EF70C400FB82C2 /* ASIHTTPRequestDelegate.h */ = {isa = PBXFileReference; fileEncoding = 4; lastKnownFileType = sourcecode.c.h; path = ASIHTTPRequestDelegate.h; sourceTree = "<group>"; };
		B6A683E015EF70C400FB82C2 /* ASIInputStream.h */ = {isa = PBXFileReference; fileEncoding = 4; lastKnownFileType = sourcecode.c.h; path = ASIInputStream.h; sourceTree = "<group>"; };
		B6A683E115EF70C400FB82C2 /* ASIInputStream.m */ = {isa = PBXFileReference; fileEncoding = 4; lastKnownFileType = sourcecode.c.objc; path = ASIInputStream.m; sourceTree = "<group>"; };
		B6A683E215EF70C400FB82C2 /* ASINetworkQueue.h */ = {isa = PBXFileReference; fileEncoding = 4; lastKnownFileType = sourcecode.c.h; path = ASINetworkQueue.h; sourceTree = "<group>"; };
		B6A683E315EF70C400FB82C2 /* ASINetworkQueue.m */ = {isa = PBXFileReference; fileEncoding = 4; lastKnownFileType = sourcecode.c.objc; path = ASINetworkQueue.m; sourceTree = "<group>"; };
		B6A683E415EF70C400FB82C2 /* ASIProgressDelegate.h */ = {isa = PBXFileReference; fileEncoding = 4; lastKnownFileType = sourcecode.c.h; path = ASIProgressDelegate.h; sourceTree = "<group>"; };
		B6A683FA15EF711500FB82C2 /* SystemConfiguration.framework */ = {isa = PBXFileReference; lastKnownFileType = wrapper.framework; name = SystemConfiguration.framework; path = System/Library/Frameworks/SystemConfiguration.framework; sourceTree = SDKROOT; };
		B6A683FC15EF713300FB82C2 /* libz.dylib */ = {isa = PBXFileReference; lastKnownFileType = "compiled.mach-o.dylib"; name = libz.dylib; path = usr/lib/libz.dylib; sourceTree = SDKROOT; };
		B6A683FE15EF714600FB82C2 /* CoreServices.framework */ = {isa = PBXFileReference; lastKnownFileType = wrapper.framework; name = CoreServices.framework; path = System/Library/Frameworks/CoreServices.framework; sourceTree = SDKROOT; };
		B6A6840015EF753400FB82C2 /* JSONKit.h */ = {isa = PBXFileReference; fileEncoding = 4; lastKnownFileType = sourcecode.c.h; path = JSONKit.h; sourceTree = "<group>"; };
		B6A6840115EF753400FB82C2 /* JSONKit.m */ = {isa = PBXFileReference; fileEncoding = 4; lastKnownFileType = sourcecode.c.objc; path = JSONKit.m; sourceTree = "<group>"; };
		B6AA5C6415EE598F003B9D75 /* WebKit.framework */ = {isa = PBXFileReference; lastKnownFileType = wrapper.framework; name = WebKit.framework; path = System/Library/Frameworks/WebKit.framework; sourceTree = SDKROOT; };
/* End PBXFileReference section */

/* Begin PBXFrameworksBuildPhase section */
		B668605115E75B7300F2C82B /* Frameworks */ = {
			isa = PBXFrameworksBuildPhase;
			buildActionMask = 2147483647;
			files = (
				B6A683FF15EF714600FB82C2 /* CoreServices.framework in Frameworks */,
				B6A683FD15EF713300FB82C2 /* libz.dylib in Frameworks */,
				B6A683FB15EF711500FB82C2 /* SystemConfiguration.framework in Frameworks */,
				B6AA5C6515EE598F003B9D75 /* WebKit.framework in Frameworks */,
				B668605915E75B7300F2C82B /* Cocoa.framework in Frameworks */,
			);
			runOnlyForDeploymentPostprocessing = 0;
		};
		B668607415E75B7300F2C82B /* Frameworks */ = {
			isa = PBXFrameworksBuildPhase;
			buildActionMask = 2147483647;
			files = (
				B668607A15E75B7300F2C82B /* SenTestingKit.framework in Frameworks */,
				B668607B15E75B7300F2C82B /* Cocoa.framework in Frameworks */,
			);
			runOnlyForDeploymentPostprocessing = 0;
		};
/* End PBXFrameworksBuildPhase section */

/* Begin PBXGroup section */
		B668604915E75B7300F2C82B = {
			isa = PBXGroup;
			children = (
				B6A6840415EF753A00FB82C2 /* JSONKit */,
				B6A683D015EF708D00FB82C2 /* ASIHTTPRequest */,
				B6A683C515EF53A100FB82C2 /* droidmac.apk */,
				B668609515E7695600F2C82B /* aapt */,
				B668609615E7695600F2C82B /* adb */,
				B668608F15E75B9900F2C82B /* androidmac.icns */,
				B668605E15E75B7300F2C82B /* droidmac */,
				B668607E15E75B7300F2C82B /* droidmacTests */,
				B668605715E75B7300F2C82B /* Frameworks */,
				B668605515E75B7300F2C82B /* Products */,
			);
			sourceTree = "<group>";
		};
		B668605515E75B7300F2C82B /* Products */ = {
			isa = PBXGroup;
			children = (
				B668605415E75B7300F2C82B /* droidmac.app */,
				B668607815E75B7300F2C82B /* droidmacTests.octest */,
			);
			name = Products;
			sourceTree = "<group>";
		};
		B668605715E75B7300F2C82B /* Frameworks */ = {
			isa = PBXGroup;
			children = (
				B6A683FE15EF714600FB82C2 /* CoreServices.framework */,
				B6A683FC15EF713300FB82C2 /* libz.dylib */,
				B6A683FA15EF711500FB82C2 /* SystemConfiguration.framework */,
				B6AA5C6415EE598F003B9D75 /* WebKit.framework */,
				B668605815E75B7300F2C82B /* Cocoa.framework */,
				B668607915E75B7300F2C82B /* SenTestingKit.framework */,
				B668605A15E75B7300F2C82B /* Other Frameworks */,
			);
			name = Frameworks;
			sourceTree = "<group>";
		};
		B668605A15E75B7300F2C82B /* Other Frameworks */ = {
			isa = PBXGroup;
			children = (
				B668605B15E75B7300F2C82B /* AppKit.framework */,
				B668605C15E75B7300F2C82B /* CoreData.framework */,
				B668605D15E75B7300F2C82B /* Foundation.framework */,
			);
			name = "Other Frameworks";
			sourceTree = "<group>";
		};
		B668605E15E75B7300F2C82B /* droidmac */ = {
			isa = PBXGroup;
			children = (
				B668609E15E773A800F2C82B /* AppDelegate.h */,
				B668609F15E773A800F2C82B /* AppDelegate.m */,
				B668606A15E75B7300F2C82B /* Document.h */,
				B668606B15E75B7300F2C82B /* Document.m */,
				B668606D15E75B7300F2C82B /* Document.xib */,
				B668607015E75B7300F2C82B /* MainMenu.xib */,
				B668605F15E75B7300F2C82B /* Supporting Files */,
				B63230C615EF9C3E00CE499C /* Phone.h */,
				B63230C715EF9C3E00CE499C /* Phone.m */,
			);
			path = droidmac;
			sourceTree = "<group>";
		};
		B668605F15E75B7300F2C82B /* Supporting Files */ = {
			isa = PBXGroup;
			children = (
				B668606015E75B7300F2C82B /* droidmac-Info.plist */,
				B668606115E75B7300F2C82B /* InfoPlist.strings */,
				B668606415E75B7300F2C82B /* main.m */,
				B668606615E75B7300F2C82B /* droidmac-Prefix.pch */,
				B668606715E75B7300F2C82B /* Credits.rtf */,
			);
			name = "Supporting Files";
			sourceTree = "<group>";
		};
		B668607E15E75B7300F2C82B /* droidmacTests */ = {
			isa = PBXGroup;
			children = (
				B668608415E75B7300F2C82B /* droidmacTests.h */,
				B668608515E75B7300F2C82B /* droidmacTests.m */,
				B668607F15E75B7300F2C82B /* Supporting Files */,
			);
			path = droidmacTests;
			sourceTree = "<group>";
		};
		B668607F15E75B7300F2C82B /* Supporting Files */ = {
			isa = PBXGroup;
			children = (
				B668608015E75B7300F2C82B /* droidmacTests-Info.plist */,
				B668608115E75B7300F2C82B /* InfoPlist.strings */,
			);
			name = "Supporting Files";
			sourceTree = "<group>";
		};
		B6A683D015EF708D00FB82C2 /* ASIHTTPRequest */ = {
			isa = PBXGroup;
			children = (
				B6A683D315EF70C400FB82C2 /* ASICacheDelegate.h */,
				B6A683D415EF70C400FB82C2 /* ASIDataCompressor.h */,
				B6A683D515EF70C400FB82C2 /* ASIDataCompressor.m */,
				B6A683D615EF70C400FB82C2 /* ASIDataDecompressor.h */,
				B6A683D715EF70C400FB82C2 /* ASIDataDecompressor.m */,
				B6A683D815EF70C400FB82C2 /* ASIDownloadCache.h */,
				B6A683D915EF70C400FB82C2 /* ASIDownloadCache.m */,
				B6A683DA15EF70C400FB82C2 /* ASIFormDataRequest.h */,
				B6A683DB15EF70C400FB82C2 /* ASIFormDataRequest.m */,
				B6A683DC15EF70C400FB82C2 /* ASIHTTPRequest.h */,
				B6A683DD15EF70C400FB82C2 /* ASIHTTPRequest.m */,
				B6A683DE15EF70C400FB82C2 /* ASIHTTPRequestConfig.h */,
				B6A683DF15EF70C400FB82C2 /* ASIHTTPRequestDelegate.h */,
				B6A683E015EF70C400FB82C2 /* ASIInputStream.h */,
				B6A683E115EF70C400FB82C2 /* ASIInputStream.m */,
				B6A683E215EF70C400FB82C2 /* ASINetworkQueue.h */,
				B6A683E315EF70C400FB82C2 /* ASINetworkQueue.m */,
				B6A683E415EF70C400FB82C2 /* ASIProgressDelegate.h */,
			);
			name = ASIHTTPRequest;
			sourceTree = "<group>";
		};
		B6A6840415EF753A00FB82C2 /* JSONKit */ = {
			isa = PBXGroup;
			children = (
				B6A6840015EF753400FB82C2 /* JSONKit.h */,
				B6A6840115EF753400FB82C2 /* JSONKit.m */,
			);
			name = JSONKit;
			sourceTree = "<group>";
		};
/* End PBXGroup section */

/* Begin PBXNativeTarget section */
		B668605315E75B7300F2C82B /* droidmac */ = {
			isa = PBXNativeTarget;
			buildConfigurationList = B668608915E75B7300F2C82B /* Build configuration list for PBXNativeTarget "droidmac" */;
			buildPhases = (
				B668605015E75B7300F2C82B /* Sources */,
				B668605115E75B7300F2C82B /* Frameworks */,
				B668605215E75B7300F2C82B /* Resources */,
			);
			buildRules = (
			);
			dependencies = (
			);
			name = droidmac;
			productName = droidmac;
			productReference = B668605415E75B7300F2C82B /* droidmac.app */;
			productType = "com.apple.product-type.application";
		};
		B668607715E75B7300F2C82B /* droidmacTests */ = {
			isa = PBXNativeTarget;
			buildConfigurationList = B668608C15E75B7300F2C82B /* Build configuration list for PBXNativeTarget "droidmacTests" */;
			buildPhases = (
				B668607315E75B7300F2C82B /* Sources */,
				B668607415E75B7300F2C82B /* Frameworks */,
				B668607515E75B7300F2C82B /* Resources */,
				B668607615E75B7300F2C82B /* ShellScript */,
			);
			buildRules = (
			);
			dependencies = (
				B668607D15E75B7300F2C82B /* PBXTargetDependency */,
			);
			name = droidmacTests;
			productName = droidmacTests;
			productReference = B668607815E75B7300F2C82B /* droidmacTests.octest */;
			productType = "com.apple.product-type.bundle";
		};
/* End PBXNativeTarget section */

/* Begin PBXProject section */
		B668604B15E75B7300F2C82B /* Project object */ = {
			isa = PBXProject;
			attributes = {
				LastUpgradeCheck = 0440;
				ORGANIZATIONNAME = qhm123;
			};
			buildConfigurationList = B668604E15E75B7300F2C82B /* Build configuration list for PBXProject "droidmac" */;
			compatibilityVersion = "Xcode 3.2";
			developmentRegion = English;
			hasScannedForEncodings = 0;
			knownRegions = (
				en,
			);
			mainGroup = B668604915E75B7300F2C82B;
			productRefGroup = B668605515E75B7300F2C82B /* Products */;
			projectDirPath = "";
			projectRoot = "";
			targets = (
				B668605315E75B7300F2C82B /* droidmac */,
				B668607715E75B7300F2C82B /* droidmacTests */,
			);
		};
/* End PBXProject section */

/* Begin PBXResourcesBuildPhase section */
		B668605215E75B7300F2C82B /* Resources */ = {
			isa = PBXResourcesBuildPhase;
			buildActionMask = 2147483647;
			files = (
				B668606315E75B7300F2C82B /* InfoPlist.strings in Resources */,
				B668606915E75B7300F2C82B /* Credits.rtf in Resources */,
				B668606F15E75B7300F2C82B /* Document.xib in Resources */,
				B668607215E75B7300F2C82B /* MainMenu.xib in Resources */,
				B668609015E75B9900F2C82B /* androidmac.icns in Resources */,
				B668609715E7695600F2C82B /* aapt in Resources */,
				B668609815E7695600F2C82B /* adb in Resources */,
				B6A683C615EF53A100FB82C2 /* droidmac.apk in Resources */,
			);
			runOnlyForDeploymentPostprocessing = 0;
		};
		B668607515E75B7300F2C82B /* Resources */ = {
			isa = PBXResourcesBuildPhase;
			buildActionMask = 2147483647;
			files = (
				B668608315E75B7300F2C82B /* InfoPlist.strings in Resources */,
			);
			runOnlyForDeploymentPostprocessing = 0;
		};
/* End PBXResourcesBuildPhase section */

/* Begin PBXShellScriptBuildPhase section */
		B668607615E75B7300F2C82B /* ShellScript */ = {
			isa = PBXShellScriptBuildPhase;
			buildActionMask = 2147483647;
			files = (
			);
			inputPaths = (
			);
			outputPaths = (
			);
			runOnlyForDeploymentPostprocessing = 0;
			shellPath = /bin/sh;
			shellScript = "# Run the unit tests in this test bundle.\n\"${SYSTEM_DEVELOPER_DIR}/Tools/RunUnitTests\"\n";
		};
/* End PBXShellScriptBuildPhase section */

/* Begin PBXSourcesBuildPhase section */
		B668605015E75B7300F2C82B /* Sources */ = {
			isa = PBXSourcesBuildPhase;
			buildActionMask = 2147483647;
			files = (
				B668606515E75B7300F2C82B /* main.m in Sources */,
				B668606C15E75B7300F2C82B /* Document.m in Sources */,
				B66860A015E773A800F2C82B /* AppDelegate.m in Sources */,
				B6A683E715EF70C400FB82C2 /* ASIDataCompressor.m in Sources */,
				B6A683E915EF70C400FB82C2 /* ASIDataDecompressor.m in Sources */,
				B6A683EB15EF70C400FB82C2 /* ASIDownloadCache.m in Sources */,
				B6A683ED15EF70C400FB82C2 /* ASIFormDataRequest.m in Sources */,
				B6A683EF15EF70C400FB82C2 /* ASIHTTPRequest.m in Sources */,
				B6A683F115EF70C400FB82C2 /* ASIInputStream.m in Sources */,
				B6A683F315EF70C400FB82C2 /* ASINetworkQueue.m in Sources */,
				B6A6840215EF753400FB82C2 /* JSONKit.m in Sources */,
				B63230C815EF9C3E00CE499C /* Phone.m in Sources */,
			);
			runOnlyForDeploymentPostprocessing = 0;
		};
		B668607315E75B7300F2C82B /* Sources */ = {
			isa = PBXSourcesBuildPhase;
			buildActionMask = 2147483647;
			files = (
				B668608615E75B7300F2C82B /* droidmacTests.m in Sources */,
				B6A683E815EF70C400FB82C2 /* ASIDataCompressor.m in Sources */,
				B6A683EA15EF70C400FB82C2 /* ASIDataDecompressor.m in Sources */,
				B6A683EC15EF70C400FB82C2 /* ASIDownloadCache.m in Sources */,
				B6A683EE15EF70C400FB82C2 /* ASIFormDataRequest.m in Sources */,
				B6A683F015EF70C400FB82C2 /* ASIHTTPRequest.m in Sources */,
				B6A683F215EF70C400FB82C2 /* ASIInputStream.m in Sources */,
				B6A683F415EF70C400FB82C2 /* ASINetworkQueue.m in Sources */,
				B6A6840315EF753400FB82C2 /* JSONKit.m in Sources */,
			);
			runOnlyForDeploymentPostprocessing = 0;
		};
/* End PBXSourcesBuildPhase section */

/* Begin PBXTargetDependency section */
		B668607D15E75B7300F2C82B /* PBXTargetDependency */ = {
			isa = PBXTargetDependency;
			target = B668605315E75B7300F2C82B /* droidmac */;
			targetProxy = B668607C15E75B7300F2C82B /* PBXContainerItemProxy */;
		};
/* End PBXTargetDependency section */

/* Begin PBXVariantGroup section */
		B668606115E75B7300F2C82B /* InfoPlist.strings */ = {
			isa = PBXVariantGroup;
			children = (
				B668606215E75B7300F2C82B /* en */,
			);
			name = InfoPlist.strings;
			sourceTree = "<group>";
		};
		B668606715E75B7300F2C82B /* Credits.rtf */ = {
			isa = PBXVariantGroup;
			children = (
				B668606815E75B7300F2C82B /* en */,
			);
			name = Credits.rtf;
			sourceTree = "<group>";
		};
		B668606D15E75B7300F2C82B /* Document.xib */ = {
			isa = PBXVariantGroup;
			children = (
				B668606E15E75B7300F2C82B /* en */,
			);
			name = Document.xib;
			sourceTree = "<group>";
		};
		B668607015E75B7300F2C82B /* MainMenu.xib */ = {
			isa = PBXVariantGroup;
			children = (
				B668607115E75B7300F2C82B /* en */,
			);
			name = MainMenu.xib;
			sourceTree = "<group>";
		};
		B668608115E75B7300F2C82B /* InfoPlist.strings */ = {
			isa = PBXVariantGroup;
			children = (
				B668608215E75B7300F2C82B /* en */,
			);
			name = InfoPlist.strings;
			sourceTree = "<group>";
		};
/* End PBXVariantGroup section */

/* Begin XCBuildConfiguration section */
		B668608715E75B7300F2C82B /* Debug */ = {
			isa = XCBuildConfiguration;
			buildSettings = {
				ALWAYS_SEARCH_USER_PATHS = NO;
				ARCHS = "$(ARCHS_STANDARD_64_BIT)";
				CLANG_CXX_LANGUAGE_STANDARD = "gnu++0x";
				CLANG_ENABLE_OBJC_ARC = YES;
				CLANG_WARN__DUPLICATE_METHOD_MATCH = YES;
				COPY_PHASE_STRIP = NO;
				GCC_C_LANGUAGE_STANDARD = gnu99;
				GCC_DYNAMIC_NO_PIC = NO;
				GCC_ENABLE_OBJC_EXCEPTIONS = YES;
				GCC_OPTIMIZATION_LEVEL = 0;
				GCC_PREPROCESSOR_DEFINITIONS = (
					"DEBUG=1",
					"$(inherited)",
				);
				GCC_SYMBOLS_PRIVATE_EXTERN = NO;
				GCC_WARN_64_TO_32_BIT_CONVERSION = YES;
				GCC_WARN_ABOUT_RETURN_TYPE = YES;
				GCC_WARN_UNINITIALIZED_AUTOS = YES;
				GCC_WARN_UNUSED_VARIABLE = YES;
				MACOSX_DEPLOYMENT_TARGET = 10.8;
				ONLY_ACTIVE_ARCH = YES;
				SDKROOT = macosx;
			};
			name = Debug;
		};
		B668608815E75B7300F2C82B /* Release */ = {
			isa = XCBuildConfiguration;
			buildSettings = {
				ALWAYS_SEARCH_USER_PATHS = NO;
				ARCHS = "$(ARCHS_STANDARD_64_BIT)";
				CLANG_CXX_LANGUAGE_STANDARD = "gnu++0x";
				CLANG_ENABLE_OBJC_ARC = YES;
				CLANG_WARN__DUPLICATE_METHOD_MATCH = YES;
				COPY_PHASE_STRIP = YES;
				DEBUG_INFORMATION_FORMAT = "dwarf-with-dsym";
				GCC_C_LANGUAGE_STANDARD = gnu99;
				GCC_ENABLE_OBJC_EXCEPTIONS = YES;
				GCC_WARN_64_TO_32_BIT_CONVERSION = YES;
				GCC_WARN_ABOUT_RETURN_TYPE = YES;
				GCC_WARN_UNINITIALIZED_AUTOS = YES;
				GCC_WARN_UNUSED_VARIABLE = YES;
				MACOSX_DEPLOYMENT_TARGET = 10.8;
				SDKROOT = macosx;
			};
			name = Release;
		};
		B668608A15E75B7300F2C82B /* Debug */ = {
			isa = XCBuildConfiguration;
			buildSettings = {
				COMBINE_HIDPI_IMAGES = YES;
				GCC_PRECOMPILE_PREFIX_HEADER = YES;
				GCC_PREFIX_HEADER = "droidmac/droidmac-Prefix.pch";
				INFOPLIST_FILE = "droidmac/droidmac-Info.plist";
				PRODUCT_NAME = "$(TARGET_NAME)";
				WRAPPER_EXTENSION = app;
			};
			name = Debug;
		};
		B668608B15E75B7300F2C82B /* Release */ = {
			isa = XCBuildConfiguration;
			buildSettings = {
				COMBINE_HIDPI_IMAGES = YES;
				GCC_PRECOMPILE_PREFIX_HEADER = YES;
				GCC_PREFIX_HEADER = "droidmac/droidmac-Prefix.pch";
				INFOPLIST_FILE = "droidmac/droidmac-Info.plist";
				PRODUCT_NAME = "$(TARGET_NAME)";
				WRAPPER_EXTENSION = app;
			};
			name = Release;
		};
		B668608D15E75B7300F2C82B /* Debug */ = {
			isa = XCBuildConfiguration;
			buildSettings = {
				BUNDLE_LOADER = "$(BUILT_PRODUCTS_DIR)/droidmac.app/Contents/MacOS/droidmac";
				COMBINE_HIDPI_IMAGES = YES;
				FRAMEWORK_SEARCH_PATHS = "\"$(DEVELOPER_LIBRARY_DIR)/Frameworks\"";
				GCC_PRECOMPILE_PREFIX_HEADER = YES;
				GCC_PREFIX_HEADER = "droidmac/droidmac-Prefix.pch";
				INFOPLIST_FILE = "droidmacTests/droidmacTests-Info.plist";
				PRODUCT_NAME = "$(TARGET_NAME)";
				TEST_HOST = "$(BUNDLE_LOADER)";
				WRAPPER_EXTENSION = octest;
			};
			name = Debug;
		};
		B668608E15E75B7300F2C82B /* Release */ = {
			isa = XCBuildConfiguration;
			buildSettings = {
				BUNDLE_LOADER = "$(BUILT_PRODUCTS_DIR)/droidmac.app/Contents/MacOS/droidmac";
				COMBINE_HIDPI_IMAGES = YES;
				FRAMEWORK_SEARCH_PATHS = "\"$(DEVELOPER_LIBRARY_DIR)/Frameworks\"";
				GCC_PRECOMPILE_PREFIX_HEADER = YES;
				GCC_PREFIX_HEADER = "droidmac/droidmac-Prefix.pch";
				INFOPLIST_FILE = "droidmacTests/droidmacTests-Info.plist";
				PRODUCT_NAME = "$(TARGET_NAME)";
				TEST_HOST = "$(BUNDLE_LOADER)";
				WRAPPER_EXTENSION = octest;
			};
			name = Release;
		};
/* End XCBuildConfiguration section */

/* Begin XCConfigurationList section */
		B668604E15E75B7300F2C82B /* Build configuration list for PBXProject "droidmac" */ = {
			isa = XCConfigurationList;
			buildConfigurations = (
				B668608715E75B7300F2C82B /* Debug */,
				B668608815E75B7300F2C82B /* Release */,
			);
			defaultConfigurationIsVisible = 0;
			defaultConfigurationName = Release;
		};
		B668608915E75B7300F2C82B /* Build configuration list for PBXNativeTarget "droidmac" */ = {
			isa = XCConfigurationList;
			buildConfigurations = (
				B668608A15E75B7300F2C82B /* Debug */,
				B668608B15E75B7300F2C82B /* Release */,
			);
			defaultConfigurationIsVisible = 0;
			defaultConfigurationName = Release;
		};
		B668608C15E75B7300F2C82B /* Build configuration list for PBXNativeTarget "droidmacTests" */ = {
			isa = XCConfigurationList;
			buildConfigurations = (
				B668608D15E75B7300F2C82B /* Debug */,
				B668608E15E75B7300F2C82B /* Release */,
			);
			defaultConfigurationIsVisible = 0;
			defaultConfigurationName = Release;
		};
/* End XCConfigurationList section */
	};
	rootObject = B668604B15E75B7300F2C82B /* Project object */;
}
